[[package]]
name = "black"
version = "23.3.0"
requires_python = ">=3.7"
summary = "The uncompromising code formatter."
dependencies = [
    "click>=8.0.0",
    "mypy-extensions>=0.4.3",
    "packaging>=22.0",
    "pathspec>=0.9.0",
    "platformdirs>=2",
]

[[package]]
name = "click"
version = "8.1.3"
requires_python = ">=3.7"
summary = "Composable command line interface toolkit"
dependencies = [
    "colorama; platform_system == \"Windows\"",
]

[[package]]
name = "colorama"
version = "0.4.6"
requires_python = "!=3.0.*,!=3.1.*,!=3.2.*,!=3.3.*,!=3.4.*,!=3.5.*,!=3.6.*,>=2.7"
summary = "Cross-platform colored terminal text."

[[package]]
name = "isort"
version = "5.12.0"
requires_python = ">=3.8.0"
summary = "A Python utility / library to sort Python imports."

[[package]]
name = "mypy"
version = "1.5.1"
requires_python = ">=3.8"
summary = "Optional static typing for Python"
dependencies = [
    "mypy-extensions>=1.0.0",
    "typing-extensions>=4.1.0",
]

[[package]]
name = "mypy-extensions"
version = "1.0.0"
requires_python = ">=3.5"
summary = "Type system extensions for programs checked with the mypy type checker."

[[package]]
name = "packaging"
version = "23.0"
requires_python = ">=3.7"
summary = "Core utilities for Python packages"

[[package]]
name = "pathspec"
version = "0.11.1"
requires_python = ">=3.7"
summary = "Utility library for gitignore style pattern matching of file paths."

[[package]]
name = "platformdirs"
version = "3.2.0"
requires_python = ">=3.7"
summary = "A small Python package for determining appropriate platform-specific dirs, e.g. a \"user data dir\"."

[[package]]
name = "ruff"
version = "0.0.291"
requires_python = ">=3.7"
summary = "An extremely fast Python linter, written in Rust."

[[package]]
name = "typing-extensions"
version = "4.8.0"
requires_python = ">=3.8"
summary = "Backported and Experimental Type Hints for Python 3.8+"

[metadata]
lock_version = "4.0"
content_hash = "sha256:05b954633aebfe7eaff8f53016dee37ec163f9520836d65fd6978b2ba1f3013b"

[metadata.files]
"black 23.3.0" = [
    {url = "https://files.pythonhosted.org/packages/06/1e/273d610249f0335afb1ddb03664a03223f4826e3d1a95170a0142cb19fb4/black-23.3.0-cp39-cp39-win_amd64.whl", hash = "sha256:6b39abdfb402002b8a7d030ccc85cf5afff64ee90fa4c5aebc531e3ad0175ddb"},
    {url = "https://files.pythonhosted.org/packages/12/4b/99c71d1cf1353edd5aff2700b8960f92e9b805c9dab72639b67dbb449d3a/black-23.3.0-cp38-cp38-manylinux_2_17_x86_64.manylinux2014_x86_64.whl", hash = "sha256:562bd3a70495facf56814293149e51aa1be9931567474993c7942ff7d3533961"},
    {url = "https://files.pythonhosted.org/packages/13/0a/ed8b66c299e896780e4528eed4018f5b084da3b9ba4ee48328550567d866/black-23.3.0-cp38-cp38-macosx_10_16_x86_64.whl", hash = "sha256:064101748afa12ad2291c2b91c960be28b817c0c7eaa35bec09cc63aa56493c5"},
    {url = "https://files.pythonhosted.org/packages/13/25/cfa06788d0a936f2445af88f13604b5bcd5c9d050db618c718e6ebe66f74/black-23.3.0-cp39-cp39-macosx_10_16_arm64.whl", hash = "sha256:3238f2aacf827d18d26db07524e44741233ae09a584273aa059066d644ca7b30"},
    {url = "https://files.pythonhosted.org/packages/21/14/d5a2bec5fb15f9118baab7123d344646fac0b1c6939d51c2b05259cd2d9c/black-23.3.0-cp38-cp38-macosx_10_16_universal2.whl", hash = "sha256:714290490c18fb0126baa0fca0a54ee795f7502b44177e1ce7624ba1c00f2331"},
    {url = "https://files.pythonhosted.org/packages/24/eb/2d2d2c27cb64cfd073896f62a952a802cd83cf943a692a2f278525b57ca9/black-23.3.0-cp37-cp37m-macosx_10_16_x86_64.whl", hash = "sha256:1d06691f1eb8de91cd1b322f21e3bfc9efe0c7ca1f0e1eb1db44ea367dff656b"},
    {url = "https://files.pythonhosted.org/packages/27/70/07aab2623cfd3789786f17e051487a41d5657258c7b1ef8f780512ffea9c/black-23.3.0-cp310-cp310-macosx_10_16_universal2.whl", hash = "sha256:67de8d0c209eb5b330cce2469503de11bca4085880d62f1628bd9972cc3366b9"},
    {url = "https://files.pythonhosted.org/packages/29/b1/b584fc863c155653963039664a592b3327b002405043b7e761b9b0212337/black-23.3.0-cp310-cp310-macosx_10_16_x86_64.whl", hash = "sha256:7c3eb7cea23904399866c55826b31c1f55bbcd3890ce22ff70466b907b6775c2"},
    {url = "https://files.pythonhosted.org/packages/3c/d7/85f3d79f9e543402de2244c4d117793f262149e404ea0168841613c33e07/black-23.3.0-cp39-cp39-manylinux_2_17_x86_64.manylinux2014_x86_64.whl", hash = "sha256:3a150542a204124ed00683f0db1f5cf1c2aaaa9cc3495b7a3b5976fb136090ab"},
    {url = "https://files.pythonhosted.org/packages/3f/0d/81dd4194ce7057c199d4f28e4c2a885082d9d929e7a55c514b23784f7787/black-23.3.0-cp311-cp311-win_amd64.whl", hash = "sha256:11c410f71b876f961d1de77b9699ad19f939094c3a677323f43d7a29855fe326"},
    {url = "https://files.pythonhosted.org/packages/49/36/15d2122f90ff1cd70f06892ebda777b650218cf84b56b5916a993dc1359a/black-23.3.0-cp37-cp37m-manylinux_2_17_x86_64.manylinux2014_x86_64.whl", hash = "sha256:50cb33cac881766a5cd9913e10ff75b1e8eb71babf4c7104f2e9c52da1fb7de2"},
    {url = "https://files.pythonhosted.org/packages/49/d7/f3b7da6c772800f5375aeb050a3dcf682f0bbeb41d313c9c2820d0156e4e/black-23.3.0-cp39-cp39-macosx_10_16_x86_64.whl", hash = "sha256:92c543f6854c28a3c7f39f4d9b7694f9a6eb9d3c5e2ece488c327b6e7ea9b266"},
    {url = "https://files.pythonhosted.org/packages/69/49/7e1f0cf585b0d607aad3f971f95982cc4208fc77f92363d632d23021ee57/black-23.3.0-cp311-cp311-macosx_10_16_x86_64.whl", hash = "sha256:a6f6886c9869d4daae2d1715ce34a19bbc4b95006d20ed785ca00fa03cba312d"},
    {url = "https://files.pythonhosted.org/packages/6d/b4/0f13ab7f5e364795ff82b76b0f9a4c9c50afda6f1e2feeb8b03fdd7ec57d/black-23.3.0-cp310-cp310-manylinux_2_17_x86_64.manylinux2014_x86_64.whl", hash = "sha256:32daa9783106c28815d05b724238e30718f34155653d4d6e125dc7daec8e260c"},
    {url = "https://files.pythonhosted.org/packages/ad/e7/4642b7f462381799393fbad894ba4b32db00870a797f0616c197b07129a9/black-23.3.0-py3-none-any.whl", hash = "sha256:ec751418022185b0c1bb7d7736e6933d40bbb14c14a0abcf9123d1b159f98dd4"},
    {url = "https://files.pythonhosted.org/packages/c0/53/42e312c17cfda5c8fc4b6b396a508218807a3fcbb963b318e49d3ddd11d5/black-23.3.0-cp311-cp311-manylinux_2_17_x86_64.manylinux2014_x86_64.whl", hash = "sha256:6f3c333ea1dd6771b2d3777482429864f8e258899f6ff05826c3a4fcc5ce3f70"},
    {url = "https://files.pythonhosted.org/packages/ca/44/eb41edd3f558a6139f09eee052dead4a7a464e563b822ddf236f5a8ee286/black-23.3.0-cp37-cp37m-win_amd64.whl", hash = "sha256:e114420bf26b90d4b9daa597351337762b63039752bdf72bf361364c1aa05925"},
    {url = "https://files.pythonhosted.org/packages/ce/f4/2b0c6ac9e1f8584296747f66dd511898b4ebd51d6510dba118279bff53b6/black-23.3.0-cp38-cp38-macosx_10_16_arm64.whl", hash = "sha256:48f9d345675bb7fbc3dd85821b12487e1b9a75242028adad0333ce36ed2a6d27"},
    {url = "https://files.pythonhosted.org/packages/d1/6e/5810b6992ed70403124c67e8b3f62858a32b35405177553f1a78ed6b6e31/black-23.3.0-cp38-cp38-win_amd64.whl", hash = "sha256:e198cf27888ad6f4ff331ca1c48ffc038848ea9f031a3b40ba36aced7e22f2c8"},
    {url = "https://files.pythonhosted.org/packages/d6/36/66370f5017b100225ec4950a60caeef60201a10080da57ddb24124453fba/black-23.3.0.tar.gz", hash = "sha256:1c7b8d606e728a41ea1ccbd7264677e494e87cf630e399262ced92d4a8dac940"},
    {url = "https://files.pythonhosted.org/packages/d7/6f/d3832960a3b646b333b7f0d80d336a3c123012e9d9d5dba4a622b2b6181d/black-23.3.0-cp311-cp311-macosx_10_16_arm64.whl", hash = "sha256:a8a968125d0a6a404842fa1bf0b349a568634f856aa08ffaff40ae0dfa52e7c6"},
    {url = "https://files.pythonhosted.org/packages/db/f4/7908f71cc71da08df1317a3619f002cbf91927fb5d3ffc7723905a2113f7/black-23.3.0-cp310-cp310-macosx_10_16_arm64.whl", hash = "sha256:0945e13506be58bf7db93ee5853243eb368ace1c08a24c65ce108986eac65915"},
    {url = "https://files.pythonhosted.org/packages/de/b4/76f152c5eb0be5471c22cd18380d31d188930377a1a57969073b89d6615d/black-23.3.0-cp310-cp310-win_amd64.whl", hash = "sha256:35d1381d7a22cc5b2be2f72c7dfdae4072a3336060635718cc7e1ede24221d6c"},
    {url = "https://files.pythonhosted.org/packages/eb/a5/17b40bfd9b607b69fa726b0b3a473d14b093dcd5191ea1a1dd664eccfee3/black-23.3.0-cp311-cp311-macosx_10_16_universal2.whl", hash = "sha256:c7ab5790333c448903c4b721b59c0d80b11fe5e9803d8703e84dcb8da56fec1b"},
    {url = "https://files.pythonhosted.org/packages/fd/5b/fc2d7922c1a6bb49458d424b5be71d251f2d0dc97be9534e35d171bdc653/black-23.3.0-cp39-cp39-macosx_10_16_universal2.whl", hash = "sha256:f0bd2f4a58d6666500542b26354978218a9babcdc972722f4bf90779524515f3"},
]
"click 8.1.3" = [
    {url = "https://files.pythonhosted.org/packages/59/87/84326af34517fca8c58418d148f2403df25303e02736832403587318e9e8/click-8.1.3.tar.gz", hash = "sha256:7682dc8afb30297001674575ea00d1814d808d6a36af415a82bd481d37ba7b8e"},
    {url = "https://files.pythonhosted.org/packages/c2/f1/df59e28c642d583f7dacffb1e0965d0e00b218e0186d7858ac5233dce840/click-8.1.3-py3-none-any.whl", hash = "sha256:bb4d8133cb15a609f44e8213d9b391b0809795062913b383c62be0ee95b1db48"},
]
"colorama 0.4.6" = [
    {url = "https://files.pythonhosted.org/packages/d1/d6/3965ed04c63042e047cb6a3e6ed1a63a35087b6a609aa3a15ed8ac56c221/colorama-0.4.6-py2.py3-none-any.whl", hash = "sha256:4f1d9991f5acc0ca119f9d443620b77f9d6b33703e51011c16baf57afb285fc6"},
    {url = "https://files.pythonhosted.org/packages/d8/53/6f443c9a4a8358a93a6792e2acffb9d9d5cb0a5cfd8802644b7b1c9a02e4/colorama-0.4.6.tar.gz", hash = "sha256:08695f5cb7ed6e0531a20572697297273c47b8cae5a63ffc6d6ed5c201be6e44"},
]
"isort 5.12.0" = [
    {url = "https://files.pythonhosted.org/packages/0a/63/4036ae70eea279c63e2304b91ee0ac182f467f24f86394ecfe726092340b/isort-5.12.0-py3-none-any.whl", hash = "sha256:f84c2818376e66cf843d497486ea8fed8700b340f308f076c6fb1229dff318b6"},
    {url = "https://files.pythonhosted.org/packages/a9/c4/dc00e42c158fc4dda2afebe57d2e948805c06d5169007f1724f0683010a9/isort-5.12.0.tar.gz", hash = "sha256:8bef7dde241278824a6d83f44a544709b065191b95b6e50894bdc722fcba0504"},
]
"mypy 1.5.1" = [
    {url = "https://files.pythonhosted.org/packages/04/ba/117a7497a714a8a62867e752fd8ba63eeac8e9a46bc9fc24bd85b00c2c84/mypy-1.5.1-cp311-cp311-musllinux_1_1_x86_64.whl", hash = "sha256:32cb59609b0534f0bd67faebb6e022fe534bdb0e2ecab4290d683d248be1b275"},
    {url = "https://files.pythonhosted.org/packages/08/dc/3d8800a45ff8b7a38125547acaf6060fda9924e855ece67ff721febf5437/mypy-1.5.1-cp39-cp39-macosx_10_9_x86_64.whl", hash = "sha256:8f772942d372c8cbac575be99f9cc9d9fb3bd95c8bc2de6c01411e2c84ebca8a"},
    {url = "https://files.pythonhosted.org/packages/0e/ef/de595eb27370020ca51c35da3479733d7106201a9fe5f14d3531c8e1ee79/mypy-1.5.1-cp38-cp38-macosx_10_9_x86_64.whl", hash = "sha256:4a465ea2ca12804d5b34bb056be3a29dc47aea5973b892d0417c6a10a40b2d65"},
    {url = "https://files.pythonhosted.org/packages/27/e8/15e7c722cc0196a0ba296f86b68497c5de3b662ba6bf2c9eaabd18462974/mypy-1.5.1-cp310-cp310-win_amd64.whl", hash = "sha256:a156e6390944c265eb56afa67c74c0636f10283429171018446b732f1a05af25"},
    {url = "https://files.pythonhosted.org/packages/33/f9/c84b68e4a754f5ce200dcf0786aa489164fa9d9dee84e375bd7d99caf637/mypy-1.5.1.tar.gz", hash = "sha256:b031b9601f1060bf1281feab89697324726ba0c0bae9d7cd7ab4b690940f0b92"},
    {url = "https://files.pythonhosted.org/packages/3b/62/e4a096ff55326bddc51f2a532cede2fa2f5d02930e1085aaa4e46bf64dd7/mypy-1.5.1-cp311-cp311-macosx_11_0_arm64.whl", hash = "sha256:51cb1323064b1099e177098cb939eab2da42fea5d818d40113957ec954fc85f4"},
    {url = "https://files.pythonhosted.org/packages/42/7a/92845ec0a26900f5de0eeedb66ae4d5ae66c557d080c22fac4f97c4f2574/mypy-1.5.1-cp39-cp39-musllinux_1_1_x86_64.whl", hash = "sha256:330857f9507c24de5c5724235e66858f8364a0693894342485e543f5b07c8693"},
    {url = "https://files.pythonhosted.org/packages/45/00/9fad7fbed28a429bc5a33d8fce1b68cb96d9d248f09d63c2dec3ea93bc50/mypy-1.5.1-cp38-cp38-manylinux_2_17_x86_64.manylinux2014_x86_64.whl", hash = "sha256:d28ddc3e3dfeab553e743e532fb95b4e6afad51d4706dd22f28e1e5e664828d2"},
    {url = "https://files.pythonhosted.org/packages/4e/11/ac861ca5d9b16fd5b781c1941254d4e382e8eaab90e11f41f193d9222b7e/mypy-1.5.1-cp311-cp311-win_amd64.whl", hash = "sha256:159aa9acb16086b79bbb0016145034a1a05360626046a929f84579ce1666b315"},
    {url = "https://files.pythonhosted.org/packages/51/6c/b806cf96ca3236709ae41ff8fecb9c983e95c4ac9c84ccd0a7ae74230792/mypy-1.5.1-cp310-cp310-macosx_11_0_arm64.whl", hash = "sha256:258b22210a4a258ccd077426c7a181d789d1121aca6db73a83f79372f5569ae0"},
    {url = "https://files.pythonhosted.org/packages/63/20/c55a48793a30b0786755c108d81406ce43604bc600cdcd4990cb62b37cb8/mypy-1.5.1-cp39-cp39-manylinux_2_17_x86_64.manylinux2014_x86_64.whl", hash = "sha256:361da43c4f5a96173220eb53340ace68cda81845cd88218f8862dfb0adc8cddb"},
    {url = "https://files.pythonhosted.org/packages/66/40/7ba73ceb0e940d587eef9c6ba6904d368779218b3e06c1a94f509f894615/mypy-1.5.1-cp38-cp38-macosx_11_0_arm64.whl", hash = "sha256:9fece120dbb041771a63eb95e4896791386fe287fefb2837258925b8326d6160"},
    {url = "https://files.pythonhosted.org/packages/66/51/6ef9d704c9d1f2197e2b966d0e50948879b97c6057f2652a9ba28e563c08/mypy-1.5.1-cp311-cp311-manylinux_2_17_x86_64.manylinux2014_x86_64.whl", hash = "sha256:596fae69f2bfcb7305808c75c00f81fe2829b6236eadda536f00610ac5ec2243"},
    {url = "https://files.pythonhosted.org/packages/67/d8/a58b710b5644d34f6137cdc7a9ffcfd97267b32ee75289ad386852689778/mypy-1.5.1-cp38-cp38-win_amd64.whl", hash = "sha256:ff0cedc84184115202475bbb46dd99f8dcb87fe24d5d0ddfc0fe6b8575c88d2f"},
    {url = "https://files.pythonhosted.org/packages/6c/92/68315e0aec041c4a5c720289f6c3ff1234742362659f3229e1668898c250/mypy-1.5.1-cp310-cp310-manylinux_2_17_x86_64.manylinux2014_x86_64.whl", hash = "sha256:a9ec1f695f0c25986e6f7f8778e5ce61659063268836a38c951200c57479cc12"},
    {url = "https://files.pythonhosted.org/packages/9c/b0/b9cb9ac4253d67442f3717befc5c39eff80c4d5a3b675414a281f6fbd486/mypy-1.5.1-cp312-cp312-win_amd64.whl", hash = "sha256:82cb6193de9bbb3844bab4c7cf80e6227d5225cc7625b068a06d005d861ad5f1"},
    {url = "https://files.pythonhosted.org/packages/9d/5f/6ccabe78465c6b82a08519a52a7ffdcc450edbe7e338a223e3169cda588e/mypy-1.5.1-cp310-cp310-musllinux_1_1_x86_64.whl", hash = "sha256:abed92d9c8f08643c7d831300b739562b0a6c9fcb028d211134fc9ab20ccad5d"},
    {url = "https://files.pythonhosted.org/packages/aa/a7/5caeb0b00900652cff5b39a72bb9020ec02decabf1d5e92e41722d3e9d2c/mypy-1.5.1-cp38-cp38-musllinux_1_1_x86_64.whl", hash = "sha256:57b10c56016adce71fba6bc6e9fd45d8083f74361f629390c556738565af8eeb"},
    {url = "https://files.pythonhosted.org/packages/bb/a1/eb6754a227d1b94058856962a5726e519abbb89433094111eff52e405af0/mypy-1.5.1-cp312-cp312-manylinux_2_17_x86_64.manylinux2014_x86_64.whl", hash = "sha256:2fc3a600f749b1008cc75e02b6fb3d4db8dbcca2d733030fe7a3b3502902f161"},
    {url = "https://files.pythonhosted.org/packages/c1/6d/755ef7671bc01e2990dbd0054bd1855786b749764e35724be22d2d64c11d/mypy-1.5.1-cp39-cp39-macosx_11_0_arm64.whl", hash = "sha256:5d627124700b92b6bbaa99f27cbe615c8ea7b3402960f6372ea7d65faf376c14"},
    {url = "https://files.pythonhosted.org/packages/c3/e5/d0314a7cc4c11a4ce4a96cac9757630436a5d3fcbb6d10b04e2253cfd6a3/mypy-1.5.1-cp39-cp39-win_amd64.whl", hash = "sha256:c543214ffdd422623e9fedd0869166c2f16affe4ba37463975043ef7d2ea8770"},
    {url = "https://files.pythonhosted.org/packages/d7/e0/4f80f9d3a7dffb97d7ba3b2eb6b06011d311bfd645727e51b003db482d48/mypy-1.5.1-py3-none-any.whl", hash = "sha256:f757063a83970d67c444f6e01d9550a7402322af3557ce7630d3c957386fa8f5"},
    {url = "https://files.pythonhosted.org/packages/e3/41/8c200b001eba5cfa4f3b12abc9892b5af372da4613e77f1819cc08e2c15f/mypy-1.5.1-cp312-cp312-musllinux_1_1_x86_64.whl", hash = "sha256:26fb32e4d4afa205b24bf645eddfbb36a1e17e995c5c99d6d00edb24b693406a"},
    {url = "https://files.pythonhosted.org/packages/e3/da/71b2bcbf64a1e51dd668ce1b9a149c4bdada0fb1b8cd023b7087bf6c0ab0/mypy-1.5.1-cp312-cp312-macosx_11_0_arm64.whl", hash = "sha256:26f71b535dfc158a71264e6dc805a9f8d2e60b67215ca0bfa26e2e1aa4d4d373"},
    {url = "https://files.pythonhosted.org/packages/e3/f2/f423ed3f405d5986e90990464cdc717a7745837e152400f4e8d6be965a35/mypy-1.5.1-cp310-cp310-macosx_10_9_x86_64.whl", hash = "sha256:f33592ddf9655a4894aef22d134de7393e95fcbdc2d15c1ab65828eee5c66c70"},
    {url = "https://files.pythonhosted.org/packages/f5/e9/0207b4be5f20b15a2a8fc5507941cbf18887c026d21486ad62dd65054dc1/mypy-1.5.1-cp311-cp311-macosx_10_9_x86_64.whl", hash = "sha256:6ac9c21bfe7bc9f7f1b6fae441746e6a106e48fc9de530dea29e8cd37a2c0cc4"},
    {url = "https://files.pythonhosted.org/packages/ff/87/7a81805e19648bc1f27569b1897774106aeca917b91a99998efb9a351525/mypy-1.5.1-cp312-cp312-macosx_10_9_x86_64.whl", hash = "sha256:f6b0e77db9ff4fda74de7df13f30016a0a663928d669c9f2c057048ba44f09bb"},
]
"mypy-extensions 1.0.0" = [
    {url = "https://files.pythonhosted.org/packages/2a/e2/5d3f6ada4297caebe1a2add3b126fe800c96f56dbe5d1988a2cbe0b267aa/mypy_extensions-1.0.0-py3-none-any.whl", hash = "sha256:4392f6c0eb8a5668a69e23d168ffa70f0be9ccfd32b5cc2d26a34ae5b844552d"},
    {url = "https://files.pythonhosted.org/packages/98/a4/1ab47638b92648243faf97a5aeb6ea83059cc3624972ab6b8d2316078d3f/mypy_extensions-1.0.0.tar.gz", hash = "sha256:75dbf8955dc00442a438fc4d0666508a9a97b6bd41aa2f0ffe9d2f2725af0782"},
]
"packaging 23.0" = [
    {url = "https://files.pythonhosted.org/packages/47/d5/aca8ff6f49aa5565df1c826e7bf5e85a6df852ee063600c1efa5b932968c/packaging-23.0.tar.gz", hash = "sha256:b6ad297f8907de0fa2fe1ccbd26fdaf387f5f47c7275fedf8cce89f99446cf97"},
    {url = "https://files.pythonhosted.org/packages/ed/35/a31aed2993e398f6b09a790a181a7927eb14610ee8bbf02dc14d31677f1c/packaging-23.0-py3-none-any.whl", hash = "sha256:714ac14496c3e68c99c29b00845f7a2b85f3bb6f1078fd9f72fd20f0570002b2"},
]
"pathspec 0.11.1" = [
    {url = "https://files.pythonhosted.org/packages/95/60/d93628975242cc515ab2b8f5b2fc831d8be2eff32f5a1be4776d49305d13/pathspec-0.11.1.tar.gz", hash = "sha256:2798de800fa92780e33acca925945e9a19a133b715067cf165b8866c15a31687"},
    {url = "https://files.pythonhosted.org/packages/be/c8/551a803a6ebb174ec1c124e68b449b98a0961f0b737def601e3c1fbb4cfd/pathspec-0.11.1-py3-none-any.whl", hash = "sha256:d8af70af76652554bd134c22b3e8a1cc46ed7d91edcdd721ef1a0c51a84a5293"},
]
"platformdirs 3.2.0" = [
    {url = "https://files.pythonhosted.org/packages/15/04/3f882b46b454ab374ea75425c6f931e499150ec1385a73e55b3f45af615a/platformdirs-3.2.0.tar.gz", hash = "sha256:d5b638ca397f25f979350ff789db335903d7ea010ab28903f57b27e1b16c2b08"},
    {url = "https://files.pythonhosted.org/packages/b2/f3/4fb5fae710fc9f22a42cd90dc0547da18ec83e2e139294ab94f04c449cf5/platformdirs-3.2.0-py3-none-any.whl", hash = "sha256:ebe11c0d7a805086e99506aa331612429a72ca7cd52a1f0d277dc4adc20cb10e"},
]
"ruff 0.0.291" = [
    {url = "https://files.pythonhosted.org/packages/10/5f/c049e57e55c956508285294fa7afb0945ef19c5c12f1f247f916b6fa6b06/ruff-0.0.291-py3-none-manylinux_2_17_ppc64.manylinux2014_ppc64.whl", hash = "sha256:b75f5801547f79b7541d72a211949754c21dc0705c70eddf7f21c88a64de8b97"},
    {url = "https://files.pythonhosted.org/packages/15/a3/73c83556ddbd72b6d8015f627a12d08c0385e94cd86dc5897b719467f7f9/ruff-0.0.291-py3-none-musllinux_1_2_x86_64.whl", hash = "sha256:5383ba67ad360caf6060d09012f1fb2ab8bd605ab766d10ca4427a28ab106e0b"},
    {url = "https://files.pythonhosted.org/packages/2a/49/f0ab19d7be0057f6de80a75f14607fb2bb5abae2b6a1d104e05a8a4301cf/ruff-0.0.291-py3-none-musllinux_1_2_armv7l.whl", hash = "sha256:6c06006350c3bb689765d71f810128c9cdf4a1121fd01afc655c87bab4fb4f83"},
    {url = "https://files.pythonhosted.org/packages/40/27/6460dca11b54bdd0a1bcfc81df80449cf732e8944b0b0913fad8fbe95c7c/ruff-0.0.291-py3-none-manylinux_2_17_x86_64.manylinux2014_x86_64.whl", hash = "sha256:13f0d88e5f367b2dc8c7d90a8afdcfff9dd7d174e324fd3ed8e0b5cb5dc9b7f6"},
    {url = "https://files.pythonhosted.org/packages/47/00/a41fadb19b0f73ef50fa0a89a6c74427d9b54a577aed98bd2dd74af7989b/ruff-0.0.291-py3-none-manylinux_2_17_i686.manylinux2014_i686.whl", hash = "sha256:87671e33175ae949702774071b35ed4937da06f11851af75cd087e1b5a488ac4"},
    {url = "https://files.pythonhosted.org/packages/6f/44/87c77137a23c867970dc42c12e9e695a5765cf72d97cf1eed261f50dff66/ruff-0.0.291-py3-none-manylinux_2_17_aarch64.manylinux2014_aarch64.whl", hash = "sha256:a04b384f2d36f00d5fb55313d52a7d66236531195ef08157a09c4728090f2ef0"},
    {url = "https://files.pythonhosted.org/packages/7a/8c/702467bfcdc4fc0a8d553f4ee0f87f91e967b7283c628f02610e12e08de7/ruff-0.0.291-py3-none-macosx_10_7_x86_64.whl", hash = "sha256:b97d0d7c136a85badbc7fd8397fdbb336e9409b01c07027622f28dcd7db366f2"},
    {url = "https://files.pythonhosted.org/packages/85/8b/e06fc87918fd2eabb801f4ed5ec6d97cb33c1b8aa34e854481ed3f764131/ruff-0.0.291-py3-none-macosx_10_9_x86_64.macosx_11_0_arm64.macosx_10_9_universal2.whl", hash = "sha256:6ab44ea607967171e18aa5c80335237be12f3a1523375fa0cede83c5cf77feb4"},
    {url = "https://files.pythonhosted.org/packages/8e/79/64bf9d52530bc321f49bc77d933730aaffaabdba284a24eb572193b07b81/ruff-0.0.291-py3-none-win_arm64.whl", hash = "sha256:d867384a4615b7f30b223a849b52104214442b5ba79b473d7edd18da3cde22d6"},
    {url = "https://files.pythonhosted.org/packages/8e/95/85b2eb58942f044b5334d414aee5be51d54f1605f940e1c3703c68d2fc9f/ruff-0.0.291.tar.gz", hash = "sha256:c61109661dde9db73469d14a82b42a88c7164f731e6a3b0042e71394c1c7ceed"},
    {url = "https://files.pythonhosted.org/packages/9e/a5/c156efe5c0ae3843c760b837013691f4640b1861d070b01c384a59ecc02e/ruff-0.0.291-py3-none-manylinux_2_17_armv7l.manylinux2014_armv7l.whl", hash = "sha256:b727c219b43f903875b7503a76c86237a00d1a39579bb3e21ce027eec9534051"},
    {url = "https://files.pythonhosted.org/packages/b5/8a/beb30a34d030559fe3187465e4958cc54be648dbe2b77767fd10cf6bade4/ruff-0.0.291-py3-none-win32.whl", hash = "sha256:1d5f0616ae4cdc7a938b493b6a1a71c8a47d0300c0d65f6e41c281c2f7490ad3"},
    {url = "https://files.pythonhosted.org/packages/c9/03/9e47a9555f48d3394aba31a5fe33e6554f1d997be49c0aa80107508f3362/ruff-0.0.291-py3-none-musllinux_1_2_i686.whl", hash = "sha256:fd17220611047de247b635596e3174f3d7f2becf63bd56301fc758778df9b629"},
    {url = "https://files.pythonhosted.org/packages/d3/b7/d11d5205fe3c12126dd044f6649ff436d026f4efa594abdb92a7c773ec01/ruff-0.0.291-py3-none-manylinux_2_17_ppc64le.manylinux2014_ppc64le.whl", hash = "sha256:b09b94efdcd162fe32b472b2dd5bf1c969fcc15b8ff52f478b048f41d4590e09"},
    {url = "https://files.pythonhosted.org/packages/dc/bc/bd6b34dc2b83c52b2d4af632441bacaab7f0025883056b15f461b2047508/ruff-0.0.291-py3-none-manylinux_2_17_s390x.manylinux2014_s390x.whl", hash = "sha256:8d5b56bc3a2f83a7a1d7f4447c54d8d3db52021f726fdd55d549ca87bca5d747"},
    {url = "https://files.pythonhosted.org/packages/e0/19/922970606c09cbb4ddda693ca3f098fa1fa3b7f8ce24ec684602c93c6320/ruff-0.0.291-py3-none-win_amd64.whl", hash = "sha256:8a69bfbde72db8ca1c43ee3570f59daad155196c3fbe357047cd9b77de65f15b"},
    {url = "https://files.pythonhosted.org/packages/f2/52/4aeb88faea070c2de7a313ef760511d64509be94894c7ece4af1684ce69d/ruff-0.0.291-py3-none-musllinux_1_2_aarch64.whl", hash = "sha256:b3eeee1b1a45a247758ecdc3ab26c307336d157aafc61edb98b825cadb153df3"},
]
"typing-extensions 4.8.0" = [
    {url = "https://files.pythonhosted.org/packages/1f/7a/8b94bb016069caa12fc9f587b28080ac33b4fbb8ca369b98bc0a4828543e/typing_extensions-4.8.0.tar.gz", hash = "sha256:df8e4339e9cb77357558cbdbceca33c303714cf861d1eef15e1070055ae8b7ef"},
    {url = "https://files.pythonhosted.org/packages/24/21/7d397a4b7934ff4028987914ac1044d3b7d52712f30e2ac7a2ae5bc86dd0/typing_extensions-4.8.0-py3-none-any.whl", hash = "sha256:8f92fc8806f9a6b641eaa5318da32b44d401efaac0f6678c9bc448ba3605faa0"},
]
